
Microsoft Visual Studio Solution File, Format Version 12.00
# Visual Studio Version 17
VisualStudioVersion = 17.0.31903.59
MinimumVisualStudioVersion = 10.0.40219.1
Project("{8BC9CEB8-8B4A-11D0-8D11-00A0C91BC942}") = "OpenWinExt", "OpenWinExt\OpenWinExt.vcxproj", "{4FE328D9-E1AB-4490-8C3F-F7AB8EEFD732}"
EndProject
Project("{911E67C6-3D85-4FCE-B560-20A9C3E3FF48}") = "Risk of Rain Returns", "C:\Program Files (x86)\Steam\steamapps\common\Risk of Rain Returns\Risk of Rain Returns.exe", "{B1A022B8-D93C-422F-821C-EB1E202B9E66}"
	ProjectSection(DebuggerProjectSystem) = preProject
		PortSupplier = 00000000-0000-0000-0000-000000000000
		Executable = C:\Program Files (x86)\Steam\steamapps\common\Risk of Rain Returns\Risk of Rain Returns.exe
		RemoteMachine = DESKTOP-QDVKBTH
		StartingDirectory = C:\Program Files (x86)\Steam\steamapps\common\Risk of Rain Returns
		Environment = Default
		LaunchingEngine = 00000000-0000-0000-0000-000000000000
		UseLegacyDebugEngines = No
		LaunchSQLEngine = No
		AttachLaunchAction = No
		IORedirection = Auto
	EndProjectSection
EndProject
Project("{8BC9CEB8-8B4A-11D0-8D11-00A0C91BC942}") = "DebugOverlay", "DebugOverlay\DebugOverlay.vcxproj", "{D928E8DD-A79A-4C4D-AEA2-A73D65FB705D}"
EndProject
Project("{FAE04EC0-301F-11D3-BF4B-00C04F79EFBC}") = "Tomat.Umbrella.Logging", "Tomat.Umbrella.Logging\Tomat.Umbrella.Logging.csproj", "{DA59B4E3-C426-4F8B-83CC-09472013EC11}"
EndProject
Global
	GlobalSection(SolutionConfigurationPlatforms) = preSolution
		Debug|Any CPU = Debug|Any CPU
		Debug|x64 = Debug|x64
		Debug|x86 = Debug|x86
		Release|Any CPU = Release|Any CPU
		Release|x64 = Release|x64
		Release|x86 = Release|x86
	EndGlobalSection
	GlobalSection(ProjectConfigurationPlatforms) = postSolution
		{4FE328D9-E1AB-4490-8C3F-F7AB8EEFD732}.Debug|Any CPU.ActiveCfg = Debug|x64
		{4FE328D9-E1AB-4490-8C3F-F7AB8EEFD732}.Debug|Any CPU.Build.0 = Debug|x64
		{4FE328D9-E1AB-4490-8C3F-F7AB8EEFD732}.Debug|x64.ActiveCfg = Debug|x64
		{4FE328D9-E1AB-4490-8C3F-F7AB8EEFD732}.Debug|x64.Build.0 = Debug|x64
		{4FE328D9-E1AB-4490-8C3F-F7AB8EEFD732}.Debug|x86.ActiveCfg = Debug|Win32
		{4FE328D9-E1AB-4490-8C3F-F7AB8EEFD732}.Debug|x86.Build.0 = Debug|Win32
		{4FE328D9-E1AB-4490-8C3F-F7AB8EEFD732}.Release|Any CPU.ActiveCfg = Release|x64
		{4FE328D9-E1AB-4490-8C3F-F7AB8EEFD732}.Release|Any CPU.Build.0 = Release|x64
		{4FE328D9-E1AB-4490-8C3F-F7AB8EEFD732}.Release|x64.ActiveCfg = Release|x64
		{4FE328D9-E1AB-4490-8C3F-F7AB8EEFD732}.Release|x64.Build.0 = Release|x64
		{4FE328D9-E1AB-4490-8C3F-F7AB8EEFD732}.Release|x86.ActiveCfg = Release|Win32
		{4FE328D9-E1AB-4490-8C3F-F7AB8EEFD732}.Release|x86.Build.0 = Release|Win32
		{B1A022B8-D93C-422F-821C-EB1E202B9E66}.Debug|Any CPU.ActiveCfg = Release|x64
		{B1A022B8-D93C-422F-821C-EB1E202B9E66}.Debug|x64.ActiveCfg = Release|x64
		{B1A022B8-D93C-422F-821C-EB1E202B9E66}.Debug|x86.ActiveCfg = Release|x64
		{B1A022B8-D93C-422F-821C-EB1E202B9E66}.Release|Any CPU.ActiveCfg = Release|x64
		{B1A022B8-D93C-422F-821C-EB1E202B9E66}.Release|x64.ActiveCfg = Release|x64
		{B1A022B8-D93C-422F-821C-EB1E202B9E66}.Release|x86.ActiveCfg = Release|x64
		{D928E8DD-A79A-4C4D-AEA2-A73D65FB705D}.Debug|Any CPU.ActiveCfg = Debug|x64
		{D928E8DD-A79A-4C4D-AEA2-A73D65FB705D}.Debug|Any CPU.Build.0 = Debug|x64
		{D928E8DD-A79A-4C4D-AEA2-A73D65FB705D}.Debug|x64.ActiveCfg = Debug|x64
		{D928E8DD-A79A-4C4D-AEA2-A73D65FB705D}.Debug|x64.Build.0 = Debug|x64
		{D928E8DD-A79A-4C4D-AEA2-A73D65FB705D}.Debug|x86.ActiveCfg = Debug|Win32
		{D928E8DD-A79A-4C4D-AEA2-A73D65FB705D}.Debug|x86.Build.0 = Debug|Win32
		{D928E8DD-A79A-4C4D-AEA2-A73D65FB705D}.Release|Any CPU.ActiveCfg = Release|x64
		{D928E8DD-A79A-4C4D-AEA2-A73D65FB705D}.Release|Any CPU.Build.0 = Release|x64
		{D928E8DD-A79A-4C4D-AEA2-A73D65FB705D}.Release|x64.ActiveCfg = Release|x64
		{D928E8DD-A79A-4C4D-AEA2-A73D65FB705D}.Release|x64.Build.0 = Release|x64
		{D928E8DD-A79A-4C4D-AEA2-A73D65FB705D}.Release|x86.ActiveCfg = Release|Win32
		{D928E8DD-A79A-4C4D-AEA2-A73D65FB705D}.Release|x86.Build.0 = Release|Win32
		{DA59B4E3-C426-4F8B-83CC-09472013EC11}.Debug|Any CPU.ActiveCfg = Debug|Any CPU
		{DA59B4E3-C426-4F8B-83CC-09472013EC11}.Debug|Any CPU.Build.0 = Debug|Any CPU
		{DA59B4E3-C426-4F8B-83CC-09472013EC11}.Debug|x64.ActiveCfg = Debug|Any CPU
		{DA59B4E3-C426-4F8B-83CC-09472013EC11}.Debug|x64.Build.0 = Debug|Any CPU
		{DA59B4E3-C426-4F8B-83CC-09472013EC11}.Debug|x86.ActiveCfg = Debug|Any CPU
		{DA59B4E3-C426-4F8B-83CC-09472013EC11}.Debug|x86.Build.0 = Debug|Any CPU
		{DA59B4E3-C426-4F8B-83CC-09472013EC11}.Release|Any CPU.ActiveCfg = Release|Any CPU
		{DA59B4E3-C426-4F8B-83CC-09472013EC11}.Release|Any CPU.Build.0 = Release|Any CPU
		{DA59B4E3-C426-4F8B-83CC-09472013EC11}.Release|x64.ActiveCfg = Release|Any CPU
		{DA59B4E3-C426-4F8B-83CC-09472013EC11}.Release|x64.Build.0 = Release|Any CPU
		{DA59B4E3-C426-4F8B-83CC-09472013EC11}.Release|x86.ActiveCfg = Release|Any CPU
		{DA59B4E3-C426-4F8B-83CC-09472013EC11}.Release|x86.Build.0 = Release|Any CPU
	EndGlobalSection
	GlobalSection(SolutionProperties) = preSolution
		HideSolutionNode = FALSE
	EndGlobalSection
	GlobalSection(ExtensibilityGlobals) = postSolution
		SolutionGuid = {91D7C98B-4EDE-4C4B-B95D-2A36E4D73726}
	EndGlobalSection
EndGlobal
